
Microsoft Visual Studio Solution File, Format Version 12.00
# Visual Studio Version 17
VisualStudioVersion = 17.11.35327.3
MinimumVisualStudioVersion = 10.0.40219.1
Project("{FAE04EC0-301F-11D3-BF4B-00C04F79EFBC}") = "ContactManagementApi", "ContactManagementApi.csproj", "{CD0359E2-A3BB-4706-B25D-D362FA052F91}"
EndProject
Global
	GlobalSection(SolutionConfigurationPlatforms) = preSolution
		Debug|Any CPU = Debug|Any CPU
		Release|Any CPU = Release|Any CPU
	EndGlobalSection
	GlobalSection(ProjectConfigurationPlatforms) = postSolution
		{CD0359E2-A3BB-4706-B25D-D362FA052F91}.Debug|Any CPU.ActiveCfg = Debug|Any CPU
		{CD0359E2-A3BB-4706-B25D-D362FA052F91}.Debug|Any CPU.Build.0 = Debug|Any CPU
		{CD0359E2-A3BB-4706-B25D-D362FA052F91}.Release|Any CPU.ActiveCfg = Release|Any CPU
		{CD0359E2-A3BB-4706-B25D-D362FA052F91}.Release|Any CPU.Build.0 = Release|Any CPU
	EndGlobalSection
	GlobalSection(SolutionProperties) = preSolution
		HideSolutionNode = FALSE
	EndGlobalSection
	GlobalSection(ExtensibilityGlobals) = postSolution
		SolutionGuid = {1F31E485-13EF-47C2-A3C5-52F0D94BE819}
	EndGlobalSection
EndGlobal
